
Microsoft Visual Studio Solution File, Format Version 12.00
# Visual Studio 15
VisualStudioVersion = 15.0.28307.168
MinimumVisualStudioVersion = 10.0.40219.1
Project("{9A19103F-16F7-4668-BE54-9A1E7A4F7556}") = "Prime", "Prime\Prime.csproj", "{CBCE983F-CFC4-4261-8F4E-8EEE49056E94}"
EndProject
Project("{9A19103F-16F7-4668-BE54-9A1E7A4F7556}") = "isPrimeCollection", "isPrimeCollection\isPrimeCollection.csproj", "{F93F6A3C-40F3-4CFB-B3EF-8015431B450B}"
EndProject
Project("{9A19103F-16F7-4668-BE54-9A1E7A4F7556}") = "isPrimeCollection_withLINQ", "isPrimeCollection_withLINQ\isPrimeCollection_withLINQ.csproj", "{5436241F-1F12-4F8D-B9AC-34ACF8A22E97}"
EndProject
Project("{9A19103F-16F7-4668-BE54-9A1E7A4F7556}") = "isPrimeCollection_ValueTuples", "isPrimeCollection_ValueTuples\isPrimeCollection_ValueTuples.csproj", "{B9744E1D-B729-4F89-AD9F-70CE00986323}"
EndProject
Project("{9A19103F-16F7-4668-BE54-9A1E7A4F7556}") = "04.DeckPrint", "04.DeckPrint\04.DeckPrint.csproj", "{A9F87526-5C91-4B82-A4DE-96E7460FB193}"
EndProject
Project("{9A19103F-16F7-4668-BE54-9A1E7A4F7556}") = "WhileVSdoWhile", "WhileVSdoWhile\WhileVSdoWhile.csproj", "{AFC1FFD6-9F16-40D8-B4AE-AA0BFD09BEC7}"
EndProject
Project("{9A19103F-16F7-4668-BE54-9A1E7A4F7556}") = "05.FactorialEquation", "05.FactorialEquation\05.FactorialEquation.csproj", "{F6336C2B-853D-4EBC-800B-C2512E72CEBC}"
EndProject
Project("{9A19103F-16F7-4668-BE54-9A1E7A4F7556}") = "06.CalculateAgain", "06.CalculateAgain\06.CalculateAgain.csproj", "{07880600-4F26-4FE4-B46D-29E11D8B6E1E}"
EndProject
Project("{2150E333-8FDC-42A3-9474-1A3956D46DE8}") = "Prime Solutions", "Prime Solutions", "{E464379F-4646-4235-B2A3-08E82948167E}"
EndProject
Project("{2150E333-8FDC-42A3-9474-1A3956D46DE8}") = "Consept Tests", "Consept Tests", "{2B93CD62-CB8A-4E24-B603-F41ADE2420DE}"
EndProject
Project("{2150E333-8FDC-42A3-9474-1A3956D46DE8}") = "Conversions", "Conversions", "{9E1280A3-0096-49B3-9BBB-816CF0AD75C0}"
EndProject
Project("{FAE04EC0-301F-11D3-BF4B-00C04F79EFBC}") = "DecimalToHex", "DecimalToHex\DecimalToHex.csproj", "{6F5D965D-6864-4005-86CE-F0831936DC46}"
EndProject
Project("{FAE04EC0-301F-11D3-BF4B-00C04F79EFBC}") = "HexToDecimal", "HexToDecimal\HexToDecimal.csproj", "{CE53904B-9382-457F-B76D-3926EB44AD02}"
EndProject
Project("{FAE04EC0-301F-11D3-BF4B-00C04F79EFBC}") = "DecimalToBinary", "DecimalToBinary\DecimalToBinary.csproj", "{30EAEE7C-F254-4041-A132-57DC778B10B7}"
EndProject
Project("{FAE04EC0-301F-11D3-BF4B-00C04F79EFBC}") = "BinaryToDecimal", "BinaryToDecimal\BinaryToDecimal.csproj", "{EACDF8AF-9BBD-404B-B3C7-1AF999A33E01}"
EndProject
Project("{FAE04EC0-301F-11D3-BF4B-00C04F79EFBC}") = "15.GCD", "15.GCD\15.GCD.csproj", "{6685123E-EF6A-4FFE-BD68-F2163EEF881B}"
EndProject
Project("{FAE04EC0-301F-11D3-BF4B-00C04F79EFBC}") = "16.Trailing0inNfac", "16.Trailing0inNfac\16.Trailing0inNfac.csproj", "{23A9390A-6FF1-410D-92ED-D180185F1BC8}"
EndProject
Project("{FAE04EC0-301F-11D3-BF4B-00C04F79EFBC}") = "17.SpiralMatrix", "17.SpiralMatrix\17.SpiralMatrix.csproj", "{F3FCA78F-005F-460E-9B83-D3D9856B59D3}"
EndProject
Global
	GlobalSection(SolutionConfigurationPlatforms) = preSolution
		Debug|Any CPU = Debug|Any CPU
		Release|Any CPU = Release|Any CPU
	EndGlobalSection
	GlobalSection(ProjectConfigurationPlatforms) = postSolution
		{CBCE983F-CFC4-4261-8F4E-8EEE49056E94}.Debug|Any CPU.ActiveCfg = Debug|Any CPU
		{CBCE983F-CFC4-4261-8F4E-8EEE49056E94}.Debug|Any CPU.Build.0 = Debug|Any CPU
		{CBCE983F-CFC4-4261-8F4E-8EEE49056E94}.Release|Any CPU.ActiveCfg = Release|Any CPU
		{CBCE983F-CFC4-4261-8F4E-8EEE49056E94}.Release|Any CPU.Build.0 = Release|Any CPU
		{F93F6A3C-40F3-4CFB-B3EF-8015431B450B}.Debug|Any CPU.ActiveCfg = Debug|Any CPU
		{F93F6A3C-40F3-4CFB-B3EF-8015431B450B}.Debug|Any CPU.Build.0 = Debug|Any CPU
		{F93F6A3C-40F3-4CFB-B3EF-8015431B450B}.Release|Any CPU.ActiveCfg = Release|Any CPU
		{F93F6A3C-40F3-4CFB-B3EF-8015431B450B}.Release|Any CPU.Build.0 = Release|Any CPU
		{5436241F-1F12-4F8D-B9AC-34ACF8A22E97}.Debug|Any CPU.ActiveCfg = Debug|Any CPU
		{5436241F-1F12-4F8D-B9AC-34ACF8A22E97}.Debug|Any CPU.Build.0 = Debug|Any CPU
		{5436241F-1F12-4F8D-B9AC-34ACF8A22E97}.Release|Any CPU.ActiveCfg = Release|Any CPU
		{5436241F-1F12-4F8D-B9AC-34ACF8A22E97}.Release|Any CPU.Build.0 = Release|Any CPU
		{B9744E1D-B729-4F89-AD9F-70CE00986323}.Debug|Any CPU.ActiveCfg = Debug|Any CPU
		{B9744E1D-B729-4F89-AD9F-70CE00986323}.Debug|Any CPU.Build.0 = Debug|Any CPU
		{B9744E1D-B729-4F89-AD9F-70CE00986323}.Release|Any CPU.ActiveCfg = Release|Any CPU
		{B9744E1D-B729-4F89-AD9F-70CE00986323}.Release|Any CPU.Build.0 = Release|Any CPU
		{A9F87526-5C91-4B82-A4DE-96E7460FB193}.Debug|Any CPU.ActiveCfg = Debug|Any CPU
		{A9F87526-5C91-4B82-A4DE-96E7460FB193}.Debug|Any CPU.Build.0 = Debug|Any CPU
		{A9F87526-5C91-4B82-A4DE-96E7460FB193}.Release|Any CPU.ActiveCfg = Release|Any CPU
		{A9F87526-5C91-4B82-A4DE-96E7460FB193}.Release|Any CPU.Build.0 = Release|Any CPU
		{AFC1FFD6-9F16-40D8-B4AE-AA0BFD09BEC7}.Debug|Any CPU.ActiveCfg = Debug|Any CPU
		{AFC1FFD6-9F16-40D8-B4AE-AA0BFD09BEC7}.Debug|Any CPU.Build.0 = Debug|Any CPU
		{AFC1FFD6-9F16-40D8-B4AE-AA0BFD09BEC7}.Release|Any CPU.ActiveCfg = Release|Any CPU
		{AFC1FFD6-9F16-40D8-B4AE-AA0BFD09BEC7}.Release|Any CPU.Build.0 = Release|Any CPU
		{F6336C2B-853D-4EBC-800B-C2512E72CEBC}.Debug|Any CPU.ActiveCfg = Debug|Any CPU
		{F6336C2B-853D-4EBC-800B-C2512E72CEBC}.Debug|Any CPU.Build.0 = Debug|Any CPU
		{F6336C2B-853D-4EBC-800B-C2512E72CEBC}.Release|Any CPU.ActiveCfg = Release|Any CPU
		{F6336C2B-853D-4EBC-800B-C2512E72CEBC}.Release|Any CPU.Build.0 = Release|Any CPU
		{07880600-4F26-4FE4-B46D-29E11D8B6E1E}.Debug|Any CPU.ActiveCfg = Debug|Any CPU
		{07880600-4F26-4FE4-B46D-29E11D8B6E1E}.Debug|Any CPU.Build.0 = Debug|Any CPU
		{07880600-4F26-4FE4-B46D-29E11D8B6E1E}.Release|Any CPU.ActiveCfg = Release|Any CPU
		{07880600-4F26-4FE4-B46D-29E11D8B6E1E}.Release|Any CPU.Build.0 = Release|Any CPU
		{6F5D965D-6864-4005-86CE-F0831936DC46}.Debug|Any CPU.ActiveCfg = Debug|Any CPU
		{6F5D965D-6864-4005-86CE-F0831936DC46}.Debug|Any CPU.Build.0 = Debug|Any CPU
		{6F5D965D-6864-4005-86CE-F0831936DC46}.Release|Any CPU.ActiveCfg = Release|Any CPU
		{6F5D965D-6864-4005-86CE-F0831936DC46}.Release|Any CPU.Build.0 = Release|Any CPU
		{CE53904B-9382-457F-B76D-3926EB44AD02}.Debug|Any CPU.ActiveCfg = Debug|Any CPU
		{CE53904B-9382-457F-B76D-3926EB44AD02}.Debug|Any CPU.Build.0 = Debug|Any CPU
		{CE53904B-9382-457F-B76D-3926EB44AD02}.Release|Any CPU.ActiveCfg = Release|Any CPU
		{CE53904B-9382-457F-B76D-3926EB44AD02}.Release|Any CPU.Build.0 = Release|Any CPU
		{30EAEE7C-F254-4041-A132-57DC778B10B7}.Debug|Any CPU.ActiveCfg = Debug|Any CPU
		{30EAEE7C-F254-4041-A132-57DC778B10B7}.Debug|Any CPU.Build.0 = Debug|Any CPU
		{30EAEE7C-F254-4041-A132-57DC778B10B7}.Release|Any CPU.ActiveCfg = Release|Any CPU
		{30EAEE7C-F254-4041-A132-57DC778B10B7}.Release|Any CPU.Build.0 = Release|Any CPU
		{EACDF8AF-9BBD-404B-B3C7-1AF999A33E01}.Debug|Any CPU.ActiveCfg = Debug|Any CPU
		{EACDF8AF-9BBD-404B-B3C7-1AF999A33E01}.Debug|Any CPU.Build.0 = Debug|Any CPU
		{EACDF8AF-9BBD-404B-B3C7-1AF999A33E01}.Release|Any CPU.ActiveCfg = Release|Any CPU
		{EACDF8AF-9BBD-404B-B3C7-1AF999A33E01}.Release|Any CPU.Build.0 = Release|Any CPU
		{6685123E-EF6A-4FFE-BD68-F2163EEF881B}.Debug|Any CPU.ActiveCfg = Debug|Any CPU
		{6685123E-EF6A-4FFE-BD68-F2163EEF881B}.Debug|Any CPU.Build.0 = Debug|Any CPU
		{6685123E-EF6A-4FFE-BD68-F2163EEF881B}.Release|Any CPU.ActiveCfg = Release|Any CPU
		{6685123E-EF6A-4FFE-BD68-F2163EEF881B}.Release|Any CPU.Build.0 = Release|Any CPU
		{23A9390A-6FF1-410D-92ED-D180185F1BC8}.Debug|Any CPU.ActiveCfg = Debug|Any CPU
		{23A9390A-6FF1-410D-92ED-D180185F1BC8}.Debug|Any CPU.Build.0 = Debug|Any CPU
		{23A9390A-6FF1-410D-92ED-D180185F1BC8}.Release|Any CPU.ActiveCfg = Release|Any CPU
		{23A9390A-6FF1-410D-92ED-D180185F1BC8}.Release|Any CPU.Build.0 = Release|Any CPU
		{F3FCA78F-005F-460E-9B83-D3D9856B59D3}.Debug|Any CPU.ActiveCfg = Debug|Any CPU
		{F3FCA78F-005F-460E-9B83-D3D9856B59D3}.Debug|Any CPU.Build.0 = Debug|Any CPU
		{F3FCA78F-005F-460E-9B83-D3D9856B59D3}.Release|Any CPU.ActiveCfg = Release|Any CPU
		{F3FCA78F-005F-460E-9B83-D3D9856B59D3}.Release|Any CPU.Build.0 = Release|Any CPU
	EndGlobalSection
	GlobalSection(SolutionProperties) = preSolution
		HideSolutionNode = FALSE
	EndGlobalSection
	GlobalSection(NestedProjects) = preSolution
		{CBCE983F-CFC4-4261-8F4E-8EEE49056E94} = {E464379F-4646-4235-B2A3-08E82948167E}
		{F93F6A3C-40F3-4CFB-B3EF-8015431B450B} = {E464379F-4646-4235-B2A3-08E82948167E}
		{5436241F-1F12-4F8D-B9AC-34ACF8A22E97} = {E464379F-4646-4235-B2A3-08E82948167E}
		{B9744E1D-B729-4F89-AD9F-70CE00986323} = {E464379F-4646-4235-B2A3-08E82948167E}
		{AFC1FFD6-9F16-40D8-B4AE-AA0BFD09BEC7} = {2B93CD62-CB8A-4E24-B603-F41ADE2420DE}
		{6F5D965D-6864-4005-86CE-F0831936DC46} = {9E1280A3-0096-49B3-9BBB-816CF0AD75C0}
		{CE53904B-9382-457F-B76D-3926EB44AD02} = {9E1280A3-0096-49B3-9BBB-816CF0AD75C0}
		{30EAEE7C-F254-4041-A132-57DC778B10B7} = {9E1280A3-0096-49B3-9BBB-816CF0AD75C0}
		{EACDF8AF-9BBD-404B-B3C7-1AF999A33E01} = {9E1280A3-0096-49B3-9BBB-816CF0AD75C0}
	EndGlobalSection
	GlobalSection(ExtensibilityGlobals) = postSolution
		SolutionGuid = {C3979811-5BF0-40CD-9086-5AA461DC2BD0}
	EndGlobalSection
EndGlobal
